
Microsoft Visual Studio Solution File, Format Version 12.00
# Visual Studio Version 17
VisualStudioVersion = 17.8.34525.116
MinimumVisualStudioVersion = 10.0.40219.1
Project("{FAE04EC0-301F-11D3-BF4B-00C04F79EFBC}") = "MyFirstAPP", "MyFirstAPP\MyFirstAPP.csproj", "{C860ADE4-6369-4033-9522-183F2B9DFF09}"
EndProject
Global
	GlobalSection(SolutionConfigurationPlatforms) = preSolution
		Debug|Any CPU = Debug|Any CPU
		Release|Any CPU = Release|Any CPU
	EndGlobalSection
	GlobalSection(ProjectConfigurationPlatforms) = postSolution
		{C860ADE4-6369-4033-9522-183F2B9DFF09}.Debug|Any CPU.ActiveCfg = Debug|Any CPU
		{C860ADE4-6369-4033-9522-183F2B9DFF09}.Debug|Any CPU.Build.0 = Debug|Any CPU
		{C860ADE4-6369-4033-9522-183F2B9DFF09}.Release|Any CPU.ActiveCfg = Release|Any CPU
		{C860ADE4-6369-4033-9522-183F2B9DFF09}.Release|Any CPU.Build.0 = Release|Any CPU
	EndGlobalSection
	GlobalSection(SolutionProperties) = preSolution
		HideSolutionNode = FALSE
	EndGlobalSection
	GlobalSection(ExtensibilityGlobals) = postSolution
		SolutionGuid = {0FBB7411-56B3-4CF9-B34D-7F05BFC43338}
	EndGlobalSection
EndGlobal
